
Microsoft Visual Studio Solution File, Format Version 12.00
# Visual Studio Version 17
VisualStudioVersion = 17.8.34322.80
MinimumVisualStudioVersion = 10.0.40219.1
Project("{2150E333-8FDC-42A3-9474-1A3956D46DE8}") = "Core", "Core", "{22D765D2-6F1D-4741-BDC6-ACDF2F95822D}"
EndProject
Project("{FAE04EC0-301F-11D3-BF4B-00C04F79EFBC}") = "QuickDriveRentDomain", "Core\QuickDriveRentDomain\QuickDriveRentDomain.csproj", "{3BB6FB2C-28D8-44F6-A9C0-39DE269DD2D3}"
EndProject
Global
	GlobalSection(SolutionConfigurationPlatforms) = preSolution
		Debug|Any CPU = Debug|Any CPU
		Release|Any CPU = Release|Any CPU
	EndGlobalSection
	GlobalSection(ProjectConfigurationPlatforms) = postSolution
		{3BB6FB2C-28D8-44F6-A9C0-39DE269DD2D3}.Debug|Any CPU.ActiveCfg = Debug|Any CPU
		{3BB6FB2C-28D8-44F6-A9C0-39DE269DD2D3}.Debug|Any CPU.Build.0 = Debug|Any CPU
		{3BB6FB2C-28D8-44F6-A9C0-39DE269DD2D3}.Release|Any CPU.ActiveCfg = Release|Any CPU
		{3BB6FB2C-28D8-44F6-A9C0-39DE269DD2D3}.Release|Any CPU.Build.0 = Release|Any CPU
	EndGlobalSection
	GlobalSection(SolutionProperties) = preSolution
		HideSolutionNode = FALSE
	EndGlobalSection
	GlobalSection(NestedProjects) = preSolution
		{3BB6FB2C-28D8-44F6-A9C0-39DE269DD2D3} = {22D765D2-6F1D-4741-BDC6-ACDF2F95822D}
	EndGlobalSection
	GlobalSection(ExtensibilityGlobals) = postSolution
		SolutionGuid = {CF8108CE-7054-4302-B7CC-310A6B615F1D}
	EndGlobalSection
EndGlobal
